
Microsoft Visual Studio Solution File, Format Version 12.00
# Visual Studio Version 17
VisualStudioVersion = 17.4.33122.133
MinimumVisualStudioVersion = 10.0.40219.1
Project("{FAE04EC0-301F-11D3-BF4B-00C04F79EFBC}") = "lab.OCRSample", "lab.OCRSample\lab.OCRSample.csproj", "{F398D83B-315A-4500-896D-1ECF56465005}"
EndProject
Global
	GlobalSection(SolutionConfigurationPlatforms) = preSolution
		Debug|Any CPU = Debug|Any CPU
		Release|Any CPU = Release|Any CPU
	EndGlobalSection
	GlobalSection(ProjectConfigurationPlatforms) = postSolution
		{F398D83B-315A-4500-896D-1ECF56465005}.Debug|Any CPU.ActiveCfg = Debug|Any CPU
		{F398D83B-315A-4500-896D-1ECF56465005}.Debug|Any CPU.Build.0 = Debug|Any CPU
		{F398D83B-315A-4500-896D-1ECF56465005}.Release|Any CPU.ActiveCfg = Release|Any CPU
		{F398D83B-315A-4500-896D-1ECF56465005}.Release|Any CPU.Build.0 = Release|Any CPU
	EndGlobalSection
	GlobalSection(SolutionProperties) = preSolution
		HideSolutionNode = FALSE
	EndGlobalSection
	GlobalSection(ExtensibilityGlobals) = postSolution
		SolutionGuid = {D0F180F5-7574-4901-B8BB-047A3C90BAE7}
	EndGlobalSection
EndGlobal
